{
  "version": 4,
  "terraform_version": "0.15.3",
  "serial": 3,
  "lineage": "cee38ce2-b4e1-5e8f-35e3-d45bea1b2382",
  "outputs": {},
  "resources": [
    {
      "mode": "data",
      "type": "azurerm_resource_group",
      "name": "my_rg",
      "provider": "provider[\"registry.terraform.io/hashicorp/azurerm\"]",
      "instances": [
        {
          "schema_version": 0,
          "attributes": {
            "id": "/subscriptions/5e457f62-b50d-4dc3-ab09-a5929e58be42/resourceGroups/Hyderabad",
            "location": "eastus",
            "name": "Hyderabad",
            "tags": {},
            "timeouts": null
          },
          "sensitive_attributes": []
        }
      ]
    },
    {
      "mode": "managed",
      "type": "azurerm_storage_account",
      "name": "my_st",
      "provider": "provider[\"registry.terraform.io/hashicorp/azurerm\"]",
      "instances": [
        {
          "schema_version": 2,
          "attributes": {
            "access_tier": "Hot",
            "account_kind": "StorageV2",
            "account_replication_type": "LRS",
            "account_tier": "Standard",
            "allow_blob_public_access": false,
            "azure_files_authentication": [],
            "blob_properties": [
              {
                "change_feed_enabled": false,
                "container_delete_retention_policy": [],
                "cors_rule": [],
                "default_service_version": "",
                "delete_retention_policy": [],
                "last_access_time_enabled": false,
                "versioning_enabled": false
              }
            ],
            "custom_domain": [],
            "enable_https_traffic_only": true,
            "id": "/subscriptions/5e457f62-b50d-4dc3-ab09-a5929e58be42/resourceGroups/Hyderabad/providers/Microsoft.Storage/storageAccounts/mystorage9290168189",
            "identity": [],
            "is_hns_enabled": false,
            "large_file_share_enabled": null,
            "location": "eastus",
            "min_tls_version": "TLS1_0",
            "name": "mystorage9290168189",
            "network_rules": [
              {
                "bypass": [
                  "AzureServices"
                ],
                "default_action": "Allow",
                "ip_rules": [],
                "private_link_access": [],
                "virtual_network_subnet_ids": []
              }
            ],
            "nfsv3_enabled": false,
            "primary_access_key": "RYnRgSi0QN4gVHWGmosw9vswRuG5EGT2x09ymv4NyIqP7LktH13wbZKzJlb0aNwjg97h+VyksXBeneGLwulBuQ==",
            "primary_blob_connection_string": "DefaultEndpointsProtocol=https;BlobEndpoint=https://mystorage9290168189.blob.core.windows.net/;AccountName=mystorage9290168189;AccountKey=RYnRgSi0QN4gVHWGmosw9vswRuG5EGT2x09ymv4NyIqP7LktH13wbZKzJlb0aNwjg97h+VyksXBeneGLwulBuQ==",
            "primary_blob_endpoint": "https://mystorage9290168189.blob.core.windows.net/",
            "primary_blob_host": "mystorage9290168189.blob.core.windows.net",
            "primary_connection_string": "DefaultEndpointsProtocol=https;AccountName=mystorage9290168189;AccountKey=RYnRgSi0QN4gVHWGmosw9vswRuG5EGT2x09ymv4NyIqP7LktH13wbZKzJlb0aNwjg97h+VyksXBeneGLwulBuQ==;EndpointSuffix=core.windows.net",
            "primary_dfs_endpoint": "https://mystorage9290168189.dfs.core.windows.net/",
            "primary_dfs_host": "mystorage9290168189.dfs.core.windows.net",
            "primary_file_endpoint": "https://mystorage9290168189.file.core.windows.net/",
            "primary_file_host": "mystorage9290168189.file.core.windows.net",
            "primary_location": "eastus",
            "primary_queue_endpoint": "https://mystorage9290168189.queue.core.windows.net/",
            "primary_queue_host": "mystorage9290168189.queue.core.windows.net",
            "primary_table_endpoint": "https://mystorage9290168189.table.core.windows.net/",
            "primary_table_host": "mystorage9290168189.table.core.windows.net",
            "primary_web_endpoint": "https://mystorage9290168189.z13.web.core.windows.net/",
            "primary_web_host": "mystorage9290168189.z13.web.core.windows.net",
            "queue_properties": [
              {
                "cors_rule": [],
                "hour_metrics": [
                  {
                    "enabled": true,
                    "include_apis": true,
                    "retention_policy_days": 7,
                    "version": "1.0"
                  }
                ],
                "logging": [
                  {
                    "delete": false,
                    "read": false,
                    "retention_policy_days": 0,
                    "version": "1.0",
                    "write": false
                  }
                ],
                "minute_metrics": [
                  {
                    "enabled": false,
                    "include_apis": false,
                    "retention_policy_days": 0,
                    "version": "1.0"
                  }
                ]
              }
            ],
            "resource_group_name": "Hyderabad",
            "routing": [],
            "secondary_access_key": "371FZEXQjKmz5IGCIc91mdD1VpYg4+1VhaA8B6WpijNj/9MTVb5fflx2mKmX2kKOl08eqYsTD/bveWPAiWnLfg==",
            "secondary_blob_connection_string": "",
            "secondary_blob_endpoint": null,
            "secondary_blob_host": null,
            "secondary_connection_string": "DefaultEndpointsProtocol=https;AccountName=mystorage9290168189;AccountKey=371FZEXQjKmz5IGCIc91mdD1VpYg4+1VhaA8B6WpijNj/9MTVb5fflx2mKmX2kKOl08eqYsTD/bveWPAiWnLfg==;EndpointSuffix=core.windows.net",
            "secondary_dfs_endpoint": null,
            "secondary_dfs_host": null,
            "secondary_file_endpoint": null,
            "secondary_file_host": null,
            "secondary_location": "",
            "secondary_queue_endpoint": null,
            "secondary_queue_host": null,
            "secondary_table_endpoint": null,
            "secondary_table_host": null,
            "secondary_web_endpoint": null,
            "secondary_web_host": null,
            "static_website": [],
            "tags": null,
            "timeouts": null
          },
          "sensitive_attributes": [],
          "private": "eyJlMmJmYjczMC1lY2FhLTExZTYtOGY4OC0zNDM2M2JjN2M0YzAiOnsiY3JlYXRlIjozNjAwMDAwMDAwMDAwLCJkZWxldGUiOjM2MDAwMDAwMDAwMDAsInJlYWQiOjMwMDAwMDAwMDAwMCwidXBkYXRlIjozNjAwMDAwMDAwMDAwfSwic2NoZW1hX3ZlcnNpb24iOiIyIn0=",
          "dependencies": [
            "data.azurerm_resource_group.my_rg"
          ]
        }
      ]
    },
    {
      "mode": "managed",
      "type": "azurerm_virtual_network",
      "name": "my_vnet",
      "provider": "provider[\"registry.terraform.io/hashicorp/azurerm\"]",
      "instances": [
        {
          "schema_version": 0,
          "attributes": {
            "address_space": [
              "10.0.0.0/16"
            ],
            "bgp_community": "",
            "ddos_protection_plan": [],
            "dns_servers": [
              "10.0.0.4",
              "10.0.0.5"
            ],
            "guid": "2ce0815b-d950-4bfd-92de-37ec24bd7630",
            "id": "/subscriptions/5e457f62-b50d-4dc3-ab09-a5929e58be42/resourceGroups/Hyderabad/providers/Microsoft.Network/virtualNetworks/virtualNetwork1",
            "location": "eastus",
            "name": "virtualNetwork1",
            "resource_group_name": "Hyderabad",
            "subnet": [],
            "tags": null,
            "timeouts": null,
            "vm_protection_enabled": false
          },
          "sensitive_attributes": [],
          "private": "eyJlMmJmYjczMC1lY2FhLTExZTYtOGY4OC0zNDM2M2JjN2M0YzAiOnsiY3JlYXRlIjoxODAwMDAwMDAwMDAwLCJkZWxldGUiOjE4MDAwMDAwMDAwMDAsInJlYWQiOjMwMDAwMDAwMDAwMCwidXBkYXRlIjoxODAwMDAwMDAwMDAwfX0=",
          "dependencies": [
            "data.azurerm_resource_group.my_rg"
          ]
        }
      ]
    }
  ]
}
